github.com/landlock-lsm/go-landlock v0.8.1 h1:Krs1co16IzN7bQcFYIdtNF+BKwZem3geRBkVsZtlCKU=
github.com/landlock-lsm/go-landlock v0.8.1/go.mod h1:mn5GSi81Jf7yMs5WSi+SUi4sUeNLUGVdbT4Id6wXNQw=
github.com/u-root/u-root v0.16.0 h1:wY40O83MBVks97+Is0WlFlOPSwKQMIrWP9R1IsrExg8=
github.com/u-root/u-root v0.16.0/go.mod h1:yL/XdSSW27PdGLgUh4MNRBy54mKM+TBLzpwiB4nwj90=
golang.org/x/sys v0.41.0 h1:Ivj+2Cp/ylzLiEU89QhWblYnOE9zerudt9Ftecq2C6k=
golang.org/x/sys v0.41.0/go.mod h1:OgkHotnGiDImocRcuBABYBEXf8A9a87e/uXjp9XT3ks=
kernel.org/pub/linux/libs/security/libcap/psx v1.2.77 h1:Z06sMOzc0GNCwp6efaVrIrz4ywGJ1v+DP0pjVkOfDuA=
kernel.org/pub/linux/libs/security/libcap/psx v1.2.77/go.mod h1:+l6Ee2F59XiJ2I6WR5ObpC1utCQJZ/VLsEbQCD8RG24=
